
Microsoft Visual Studio Solution File, Format Version 12.00
# Visual Studio Version 16
VisualStudioVersion = 16.0.29324.140
MinimumVisualStudioVersion = 10.0.40219.1
Project("{FAE04EC0-301F-11D3-BF4B-00C04F79EFBC}") = "WindowsFormsApp1", "WindowsFormsApp1.csproj", "{83BB2D4A-D91D-4150-8A0D-3C560B5D6ADC}"
EndProject
Global
	GlobalSection(SolutionConfigurationPlatforms) = preSolution
		Debug|Any CPU = Debug|Any CPU
		Release|Any CPU = Release|Any CPU
	EndGlobalSection
	GlobalSection(ProjectConfigurationPlatforms) = postSolution
		{83BB2D4A-D91D-4150-8A0D-3C560B5D6ADC}.Debug|Any CPU.ActiveCfg = Debug|Any CPU
		{83BB2D4A-D91D-4150-8A0D-3C560B5D6ADC}.Debug|Any CPU.Build.0 = Debug|Any CPU
		{83BB2D4A-D91D-4150-8A0D-3C560B5D6ADC}.Release|Any CPU.ActiveCfg = Release|Any CPU
		{83BB2D4A-D91D-4150-8A0D-3C560B5D6ADC}.Release|Any CPU.Build.0 = Release|Any CPU
	EndGlobalSection
	GlobalSection(SolutionProperties) = preSolution
		HideSolutionNode = FALSE
	EndGlobalSection
	GlobalSection(ExtensibilityGlobals) = postSolution
		SolutionGuid = {82DA6B43-80B9-4879-A254-26FA9174776A}
	EndGlobalSection
EndGlobal
